
Microsoft Visual Studio Solution File, Format Version 12.00
# Visual Studio Version 17
VisualStudioVersion = 17.4.33205.214
MinimumVisualStudioVersion = 10.0.40219.1
Project("{9A19103F-16F7-4668-BE54-9A1E7A4F7556}") = "Puzzle 1", "Puzzle 1\Puzzle 1.csproj", "{0540ADAC-C6B8-479F-8C88-98AFB876ACCF}"
EndProject
Project("{FAE04EC0-301F-11D3-BF4B-00C04F79EFBC}") = "Puzzle 2", "Puzzle 2\Puzzle 2.csproj", "{FE4D8B49-C9A6-4C4E-B879-BE1AFEF96B16}"
EndProject
Global
	GlobalSection(SolutionConfigurationPlatforms) = preSolution
		Debug|Any CPU = Debug|Any CPU
		Release|Any CPU = Release|Any CPU
	EndGlobalSection
	GlobalSection(ProjectConfigurationPlatforms) = postSolution
		{0540ADAC-C6B8-479F-8C88-98AFB876ACCF}.Debug|Any CPU.ActiveCfg = Debug|Any CPU
		{0540ADAC-C6B8-479F-8C88-98AFB876ACCF}.Debug|Any CPU.Build.0 = Debug|Any CPU
		{0540ADAC-C6B8-479F-8C88-98AFB876ACCF}.Release|Any CPU.ActiveCfg = Release|Any CPU
		{0540ADAC-C6B8-479F-8C88-98AFB876ACCF}.Release|Any CPU.Build.0 = Release|Any CPU
		{FE4D8B49-C9A6-4C4E-B879-BE1AFEF96B16}.Debug|Any CPU.ActiveCfg = Debug|Any CPU
		{FE4D8B49-C9A6-4C4E-B879-BE1AFEF96B16}.Debug|Any CPU.Build.0 = Debug|Any CPU
		{FE4D8B49-C9A6-4C4E-B879-BE1AFEF96B16}.Release|Any CPU.ActiveCfg = Release|Any CPU
		{FE4D8B49-C9A6-4C4E-B879-BE1AFEF96B16}.Release|Any CPU.Build.0 = Release|Any CPU
	EndGlobalSection
	GlobalSection(SolutionProperties) = preSolution
		HideSolutionNode = FALSE
	EndGlobalSection
	GlobalSection(ExtensibilityGlobals) = postSolution
		SolutionGuid = {63F3228D-1B3C-4D4E-9B74-ACFBAB2A36A2}
	EndGlobalSection
EndGlobal
