
Microsoft Visual Studio Solution File, Format Version 12.00
# Visual Studio Version 17
VisualStudioVersion = 17.4.33205.214
MinimumVisualStudioVersion = 10.0.40219.1
Project("{FAE04EC0-301F-11D3-BF4B-00C04F79EFBC}") = "Puzzle 1", "Puzzle 1\Puzzle 1.csproj", "{68414754-117A-48D3-B5AD-615C42DA4983}"
EndProject
Project("{FAE04EC0-301F-11D3-BF4B-00C04F79EFBC}") = "Puzzle 2", "Puzzle 2\Puzzle 2.csproj", "{3C77AE26-51EA-460E-8050-A25690932B32}"
EndProject
Global
	GlobalSection(SolutionConfigurationPlatforms) = preSolution
		Debug|Any CPU = Debug|Any CPU
		Release|Any CPU = Release|Any CPU
	EndGlobalSection
	GlobalSection(ProjectConfigurationPlatforms) = postSolution
		{68414754-117A-48D3-B5AD-615C42DA4983}.Debug|Any CPU.ActiveCfg = Debug|Any CPU
		{68414754-117A-48D3-B5AD-615C42DA4983}.Debug|Any CPU.Build.0 = Debug|Any CPU
		{68414754-117A-48D3-B5AD-615C42DA4983}.Release|Any CPU.ActiveCfg = Release|Any CPU
		{68414754-117A-48D3-B5AD-615C42DA4983}.Release|Any CPU.Build.0 = Release|Any CPU
		{3C77AE26-51EA-460E-8050-A25690932B32}.Debug|Any CPU.ActiveCfg = Debug|Any CPU
		{3C77AE26-51EA-460E-8050-A25690932B32}.Debug|Any CPU.Build.0 = Debug|Any CPU
		{3C77AE26-51EA-460E-8050-A25690932B32}.Release|Any CPU.ActiveCfg = Release|Any CPU
		{3C77AE26-51EA-460E-8050-A25690932B32}.Release|Any CPU.Build.0 = Release|Any CPU
	EndGlobalSection
	GlobalSection(SolutionProperties) = preSolution
		HideSolutionNode = FALSE
	EndGlobalSection
	GlobalSection(ExtensibilityGlobals) = postSolution
		SolutionGuid = {2919D2AC-286C-4CDD-B3CE-65F730E75727}
	EndGlobalSection
EndGlobal
